
Microsoft Visual Studio Solution File, Format Version 12.00
# Visual Studio Version 16
VisualStudioVersion = 16.0.31424.327
MinimumVisualStudioVersion = 10.0.40219.1
Project("{8BC9CEB8-8B4A-11D0-8D11-00A0C91BC942}") = "CLI", "CLI\CLI.vcxproj", "{2A38449A-BB6F-4B04-B3F9-6D01B39E816F}"
EndProject
Project("{8BC9CEB8-8B4A-11D0-8D11-00A0C91BC942}") = "Parser", "Parser\Parser.vcxproj", "{34B2A758-3E8B-4163-A757-130B3E55037D}"
EndProject
Project("{8BC9CEB8-8B4A-11D0-8D11-00A0C91BC942}") = "Engine", "Engine\Engine.vcxproj", "{302F856C-DF04-4A90-8B83-73BFE816505E}"
	ProjectSection(ProjectDependencies) = postProject
		{34B2A758-3E8B-4163-A757-130B3E55037D} = {34B2A758-3E8B-4163-A757-130B3E55037D}
		{AC836B5A-993E-44A5-8FD0-7C7759A4CF6E} = {AC836B5A-993E-44A5-8FD0-7C7759A4CF6E}
	EndProjectSection
EndProject
Project("{8BC9CEB8-8B4A-11D0-8D11-00A0C91BC942}") = "Database", "Database\Database.vcxproj", "{AC836B5A-993E-44A5-8FD0-7C7759A4CF6E}"
EndProject
Project("{8BC9CEB8-8B4A-11D0-8D11-00A0C91BC942}") = "Common", "Common\Common.vcxproj", "{C4EB5349-9624-4A88-8C82-5DD0B11313AC}"
EndProject
Project("{8BC9CEB8-8B4A-11D0-8D11-00A0C91BC942}") = "TestCommon", "TestCommon\TestCommon.vcxproj", "{02C35771-D9E6-4D71-941A-B09CE629B131}"
EndProject
Global
	GlobalSection(SolutionConfigurationPlatforms) = preSolution
		Debug|x64 = Debug|x64
		Release|x64 = Release|x64
	EndGlobalSection
	GlobalSection(ProjectConfigurationPlatforms) = postSolution
		{2A38449A-BB6F-4B04-B3F9-6D01B39E816F}.Debug|x64.ActiveCfg = Debug|x64
		{2A38449A-BB6F-4B04-B3F9-6D01B39E816F}.Debug|x64.Build.0 = Debug|x64
		{2A38449A-BB6F-4B04-B3F9-6D01B39E816F}.Release|x64.ActiveCfg = Release|x64
		{2A38449A-BB6F-4B04-B3F9-6D01B39E816F}.Release|x64.Build.0 = Release|x64
		{34B2A758-3E8B-4163-A757-130B3E55037D}.Debug|x64.ActiveCfg = Debug|x64
		{34B2A758-3E8B-4163-A757-130B3E55037D}.Debug|x64.Build.0 = Debug|x64
		{34B2A758-3E8B-4163-A757-130B3E55037D}.Release|x64.ActiveCfg = Release|x64
		{34B2A758-3E8B-4163-A757-130B3E55037D}.Release|x64.Build.0 = Release|x64
		{302F856C-DF04-4A90-8B83-73BFE816505E}.Debug|x64.ActiveCfg = Debug|x64
		{302F856C-DF04-4A90-8B83-73BFE816505E}.Debug|x64.Build.0 = Debug|x64
		{302F856C-DF04-4A90-8B83-73BFE816505E}.Release|x64.ActiveCfg = Release|x64
		{302F856C-DF04-4A90-8B83-73BFE816505E}.Release|x64.Build.0 = Release|x64
		{AC836B5A-993E-44A5-8FD0-7C7759A4CF6E}.Debug|x64.ActiveCfg = Debug|x64
		{AC836B5A-993E-44A5-8FD0-7C7759A4CF6E}.Debug|x64.Build.0 = Debug|x64
		{AC836B5A-993E-44A5-8FD0-7C7759A4CF6E}.Release|x64.ActiveCfg = Release|x64
		{AC836B5A-993E-44A5-8FD0-7C7759A4CF6E}.Release|x64.Build.0 = Release|x64
		{C4EB5349-9624-4A88-8C82-5DD0B11313AC}.Debug|x64.ActiveCfg = Debug|x64
		{C4EB5349-9624-4A88-8C82-5DD0B11313AC}.Debug|x64.Build.0 = Debug|x64
		{C4EB5349-9624-4A88-8C82-5DD0B11313AC}.Release|x64.ActiveCfg = Release|x64
		{C4EB5349-9624-4A88-8C82-5DD0B11313AC}.Release|x64.Build.0 = Release|x64
		{02C35771-D9E6-4D71-941A-B09CE629B131}.Debug|x64.ActiveCfg = Debug|x64
		{02C35771-D9E6-4D71-941A-B09CE629B131}.Debug|x64.Build.0 = Debug|x64
		{02C35771-D9E6-4D71-941A-B09CE629B131}.Release|x64.ActiveCfg = Release|x64
		{02C35771-D9E6-4D71-941A-B09CE629B131}.Release|x64.Build.0 = Release|x64
	EndGlobalSection
	GlobalSection(SolutionProperties) = preSolution
		HideSolutionNode = FALSE
	EndGlobalSection
	GlobalSection(ExtensibilityGlobals) = postSolution
		SolutionGuid = {A57223D3-0D4A-46E5-A7E0-F335C5ED7C6B}
	EndGlobalSection
EndGlobal
